// !$*UTF8*$!
{
	archiveVersion = 1;
	classes = {
	};
	objectVersion = 56;
	objects = {

/* Begin PBXBuildFile section */
		70DFF3782C6E105E00583C2C /* AppDelegate.swift in Sources */ = {isa = PBXBuildFile; fileRef = 70DFF3772C6E105E00583C2C /* AppDelegate.swift */; };
		70DFF37A2C6E105E00583C2C /* SceneDelegate.swift in Sources */ = {isa = PBXBuildFile; fileRef = 70DFF3792C6E105E00583C2C /* SceneDelegate.swift */; };
		70DFF37C2C6E105E00583C2C /* ViewController.swift in Sources */ = {isa = PBXBuildFile; fileRef = 70DFF37B2C6E105E00583C2C /* ViewController.swift */; };
		70DFF37F2C6E105E00583C2C /* Base in Resources */ = {isa = PBXBuildFile; fileRef = 70DFF37E2C6E105E00583C2C /* Base */; };
		70DFF3812C6E105F00583C2C /* Assets.xcassets in Resources */ = {isa = PBXBuildFile; fileRef = 70DFF3802C6E105F00583C2C /* Assets.xcassets */; };
		70DFF3842C6E105F00583C2C /* Base in Resources */ = {isa = PBXBuildFile; fileRef = 70DFF3832C6E105F00583C2C /* Base */; };
		70DFF38D2C6E107700583C2C /* ImageToVideo.swift in Sources */ = {isa = PBXBuildFile; fileRef = 70DFF38B2C6E107700583C2C /* ImageToVideo.swift */; };
		70DFF38E2C6E107700583C2C /* Recorder.swift in Sources */ = {isa = PBXBuildFile; fileRef = 70DFF38C2C6E107700583C2C /* Recorder.swift */; };
/* End PBXBuildFile section */

/* Begin PBXFileReference section */
		70DFF3742C6E105E00583C2C /* UiViewRecorderForSpecific.app */ = {isa = PBXFileReference; explicitFileType = wrapper.application; includeInIndex = 0; path = UiViewRecorderForSpecific.app; sourceTree = BUILT_PRODUCTS_DIR; };
		70DFF3772C6E105E00583C2C /* AppDelegate.swift */ = {isa = PBXFileReference; lastKnownFileType = sourcecode.swift; path = AppDelegate.swift; sourceTree = "<group>"; };
		70DFF3792C6E105E00583C2C /* SceneDelegate.swift */ = {isa = PBXFileReference; lastKnownFileType = sourcecode.swift; path = SceneDelegate.swift; sourceTree = "<group>"; };
		70DFF37B2C6E105E00583C2C /* ViewController.swift */ = {isa = PBXFileReference; lastKnownFileType = sourcecode.swift; path = ViewController.swift; sourceTree = "<group>"; };
		70DFF37E2C6E105E00583C2C /* Base */ = {isa = PBXFileReference; lastKnownFileType = file.storyboard; name = Base; path = Base.lproj/Main.storyboard; sourceTree = "<group>"; };
		70DFF3802C6E105F00583C2C /* Assets.xcassets */ = {isa = PBXFileReference; lastKnownFileType = folder.assetcatalog; path = Assets.xcassets; sourceTree = "<group>"; };
		70DFF3832C6E105F00583C2C /* Base */ = {isa = PBXFileReference; lastKnownFileType = file.storyboard; name = Base; path = Base.lproj/LaunchScreen.storyboard; sourceTree = "<group>"; };
		70DFF3852C6E105F00583C2C /* Info.plist */ = {isa = PBXFileReference; lastKnownFileType = text.plist.xml; path = Info.plist; sourceTree = "<group>"; };
		70DFF38B2C6E107700583C2C /* ImageToVideo.swift */ = {isa = PBXFileReference; fileEncoding = 4; lastKnownFileType = sourcecode.swift; path = ImageToVideo.swift; sourceTree = "<group>"; };
		70DFF38C2C6E107700583C2C /* Recorder.swift */ = {isa = PBXFileReference; fileEncoding = 4; lastKnownFileType = sourcecode.swift; path = Recorder.swift; sourceTree = "<group>"; };
/* End PBXFileReference section */

/* Begin PBXFrameworksBuildPhase section */
		70DFF3712C6E105E00583C2C /* Frameworks */ = {
			isa = PBXFrameworksBuildPhase;
			buildActionMask = 2147483647;
			files = (
			);
			runOnlyForDeploymentPostprocessing = 0;
		};
/* End PBXFrameworksBuildPhase section */

/* Begin PBXGroup section */
		70DFF36B2C6E105E00583C2C = {
			isa = PBXGroup;
			children = (
				70DFF3762C6E105E00583C2C /* UiViewRecorderForSpecific */,
				70DFF3752C6E105E00583C2C /* Products */,
			);
			sourceTree = "<group>";
		};
		70DFF3752C6E105E00583C2C /* Products */ = {
			isa = PBXGroup;
			children = (
				70DFF3742C6E105E00583C2C /* UiViewRecorderForSpecific.app */,
			);
			name = Products;
			sourceTree = "<group>";
		};
		70DFF3762C6E105E00583C2C /* UiViewRecorderForSpecific */ = {
			isa = PBXGroup;
			children = (
				70DFF3772C6E105E00583C2C /* AppDelegate.swift */,
				70DFF3792C6E105E00583C2C /* SceneDelegate.swift */,
				70DFF37B2C6E105E00583C2C /* ViewController.swift */,
				70DFF38B2C6E107700583C2C /* ImageToVideo.swift */,
				70DFF38C2C6E107700583C2C /* Recorder.swift */,
				70DFF37D2C6E105E00583C2C /* Main.storyboard */,
				70DFF3802C6E105F00583C2C /* Assets.xcassets */,
				70DFF3822C6E105F00583C2C /* LaunchScreen.storyboard */,
				70DFF3852C6E105F00583C2C /* Info.plist */,
			);
			path = UiViewRecorderForSpecific;
			sourceTree = "<group>";
		};
/* End PBXGroup section */

/* Begin PBXNativeTarget section */
		70DFF3732C6E105E00583C2C /* UiViewRecorderForSpecific */ = {
			isa = PBXNativeTarget;
			buildConfigurationList = 70DFF3882C6E105F00583C2C /* Build configuration list for PBXNativeTarget "UiViewRecorderForSpecific" */;
			buildPhases = (
				70DFF3702C6E105E00583C2C /* Sources */,
				70DFF3712C6E105E00583C2C /* Frameworks */,
				70DFF3722C6E105E00583C2C /* Resources */,
			);
			buildRules = (
			);
			dependencies = (
			);
			name = UiViewRecorderForSpecific;
			productName = UiViewRecorderForSpecific;
			productReference = 70DFF3742C6E105E00583C2C /* UiViewRecorderForSpecific.app */;
			productType = "com.apple.product-type.application";
		};
/* End PBXNativeTarget section */

/* Begin PBXProject section */
		70DFF36C2C6E105E00583C2C /* Project object */ = {
			isa = PBXProject;
			attributes = {
				BuildIndependentTargetsInParallel = 1;
				LastSwiftUpdateCheck = 1530;
				LastUpgradeCheck = 1530;
				TargetAttributes = {
					70DFF3732C6E105E00583C2C = {
						CreatedOnToolsVersion = 15.3;
					};
				};
			};
			buildConfigurationList = 70DFF36F2C6E105E00583C2C /* Build configuration list for PBXProject "UiViewRecorderForSpecific" */;
			compatibilityVersion = "Xcode 14.0";
			developmentRegion = en;
			hasScannedForEncodings = 0;
			knownRegions = (
				en,
				Base,
			);
			mainGroup = 70DFF36B2C6E105E00583C2C;
			productRefGroup = 70DFF3752C6E105E00583C2C /* Products */;
			projectDirPath = "";
			projectRoot = "";
			targets = (
				70DFF3732C6E105E00583C2C /* UiViewRecorderForSpecific */,
			);
		};
/* End PBXProject section */

/* Begin PBXResourcesBuildPhase section */
		70DFF3722C6E105E00583C2C /* Resources */ = {
			isa = PBXResourcesBuildPhase;
			buildActionMask = 2147483647;
			files = (
				70DFF3812C6E105F00583C2C /* Assets.xcassets in Resources */,
				70DFF3842C6E105F00583C2C /* Base in Resources */,
				70DFF37F2C6E105E00583C2C /* Base in Resources */,
			);
			runOnlyForDeploymentPostprocessing = 0;
		};
/* End PBXResourcesBuildPhase section */

/* Begin PBXSourcesBuildPhase section */
		70DFF3702C6E105E00583C2C /* Sources */ = {
			isa = PBXSourcesBuildPhase;
			buildActionMask = 2147483647;
			files = (
				70DFF38E2C6E107700583C2C /* Recorder.swift in Sources */,
				70DFF37C2C6E105E00583C2C /* ViewController.swift in Sources */,
				70DFF3782C6E105E00583C2C /* AppDelegate.swift in Sources */,
				70DFF38D2C6E107700583C2C /* ImageToVideo.swift in Sources */,
				70DFF37A2C6E105E00583C2C /* SceneDelegate.swift in Sources */,
			);
			runOnlyForDeploymentPostprocessing = 0;
		};
/* End PBXSourcesBuildPhase section */

/* Begin PBXVariantGroup section */
		70DFF37D2C6E105E00583C2C /* Main.storyboard */ = {
			isa = PBXVariantGroup;
			children = (
				70DFF37E2C6E105E00583C2C /* Base */,
			);
			name = Main.storyboard;
			sourceTree = "<group>";
		};
		70DFF3822C6E105F00583C2C /* LaunchScreen.storyboard */ = {
			isa = PBXVariantGroup;
			children = (
				70DFF3832C6E105F00583C2C /* Base */,
			);
			name = LaunchScreen.storyboard;
			sourceTree = "<group>";
		};
/* End PBXVariantGroup section */

/* Begin XCBuildConfiguration section */
		70DFF3862C6E105F00583C2C /* Debug */ = {
			isa = XCBuildConfiguration;
			buildSettings = {
				ALWAYS_SEARCH_USER_PATHS = NO;
				ASSETCATALOG_COMPILER_GENERATE_SWIFT_ASSET_SYMBOL_EXTENSIONS = YES;
				CLANG_ANALYZER_NONNULL = YES;
				CLANG_ANALYZER_NUMBER_OBJECT_CONVERSION = YES_AGGRESSIVE;
				CLANG_CXX_LANGUAGE_STANDARD = "gnu++20";
				CLANG_ENABLE_MODULES = YES;
				CLANG_ENABLE_OBJC_ARC = YES;
				CLANG_ENABLE_OBJC_WEAK = YES;
				CLANG_WARN_BLOCK_CAPTURE_AUTORELEASING = YES;
				CLANG_WARN_BOOL_CONVERSION = YES;
				CLANG_WARN_COMMA = YES;
				CLANG_WARN_CONSTANT_CONVERSION = YES;
				CLANG_WARN_DEPRECATED_OBJC_IMPLEMENTATIONS = YES;
				CLANG_WARN_DIRECT_OBJC_ISA_USAGE = YES_ERROR;
				CLANG_WARN_DOCUMENTATION_COMMENTS = YES;
				CLANG_WARN_EMPTY_BODY = YES;
				CLANG_WARN_ENUM_CONVERSION = YES;
				CLANG_WARN_INFINITE_RECURSION = YES;
				CLANG_WARN_INT_CONVERSION = YES;
				CLANG_WARN_NON_LITERAL_NULL_CONVERSION = YES;
				CLANG_WARN_OBJC_IMPLICIT_RETAIN_SELF = YES;
				CLANG_WARN_OBJC_LITERAL_CONVERSION = YES;
				CLANG_WARN_OBJC_ROOT_CLASS = YES_ERROR;
				CLANG_WARN_QUOTED_INCLUDE_IN_FRAMEWORK_HEADER = YES;
				CLANG_WARN_RANGE_LOOP_ANALYSIS = YES;
				CLANG_WARN_STRICT_PROTOTYPES = YES;
				CLANG_WARN_SUSPICIOUS_MOVE = YES;
				CLANG_WARN_UNGUARDED_AVAILABILITY = YES_AGGRESSIVE;
				CLANG_WARN_UNREACHABLE_CODE = YES;
				CLANG_WARN__DUPLICATE_METHOD_MATCH = YES;
				COPY_PHASE_STRIP = NO;
				DEBUG_INFORMATION_FORMAT = dwarf;
				ENABLE_STRICT_OBJC_MSGSEND = YES;
				ENABLE_TESTABILITY = YES;
				ENABLE_USER_SCRIPT_SANDBOXING = YES;
				GCC_C_LANGUAGE_STANDARD = gnu17;
				GCC_DYNAMIC_NO_PIC = NO;
				GCC_NO_COMMON_BLOCKS = YES;
				GCC_OPTIMIZATION_LEVEL = 0;
				GCC_PREPROCESSOR_DEFINITIONS = (
					"DEBUG=1",
					"$(inherited)",
				);
				GCC_WARN_64_TO_32_BIT_CONVERSION = YES;
				GCC_WARN_ABOUT_RETURN_TYPE = YES_ERROR;
				GCC_WARN_UNDECLARED_SELECTOR = YES;
				GCC_WARN_UNINITIALIZED_AUTOS = YES_AGGRESSIVE;
				GCC_WARN_UNUSED_FUNCTION = YES;
				GCC_WARN_UNUSED_VARIABLE = YES;
				IPHONEOS_DEPLOYMENT_TARGET = 12.0;
				LOCALIZATION_PREFERS_STRING_CATALOGS = YES;
				MTL_ENABLE_DEBUG_INFO = INCLUDE_SOURCE;
				MTL_FAST_MATH = YES;
				ONLY_ACTIVE_ARCH = YES;
				SDKROOT = iphoneos;
				SWIFT_ACTIVE_COMPILATION_CONDITIONS = "DEBUG $(inherited)";
				SWIFT_OPTIMIZATION_LEVEL = "-Onone";
			};
			name = Debug;
		};
		70DFF3872C6E105F00583C2C /* Release */ = {
			isa = XCBuildConfiguration;
			buildSettings = {
				ALWAYS_SEARCH_USER_PATHS = NO;
				ASSETCATALOG_COMPILER_GENERATE_SWIFT_ASSET_SYMBOL_EXTENSIONS = YES;
				CLANG_ANALYZER_NONNULL = YES;
				CLANG_ANALYZER_NUMBER_OBJECT_CONVERSION = YES_AGGRESSIVE;
				CLANG_CXX_LANGUAGE_STANDARD = "gnu++20";
				CLANG_ENABLE_MODULES = YES;
				CLANG_ENABLE_OBJC_ARC = YES;
				CLANG_ENABLE_OBJC_WEAK = YES;
				CLANG_WARN_BLOCK_CAPTURE_AUTORELEASING = YES;
				CLANG_WARN_BOOL_CONVERSION = YES;
				CLANG_WARN_COMMA = YES;
				CLANG_WARN_CONSTANT_CONVERSION = YES;
				CLANG_WARN_DEPRECATED_OBJC_IMPLEMENTATIONS = YES;
				CLANG_WARN_DIRECT_OBJC_ISA_USAGE = YES_ERROR;
				CLANG_WARN_DOCUMENTATION_COMMENTS = YES;
				CLANG_WARN_EMPTY_BODY = YES;
				CLANG_WARN_ENUM_CONVERSION = YES;
				CLANG_WARN_INFINITE_RECURSION = YES;
				CLANG_WARN_INT_CONVERSION = YES;
				CLANG_WARN_NON_LITERAL_NULL_CONVERSION = YES;
				CLANG_WARN_OBJC_IMPLICIT_RETAIN_SELF = YES;
				CLANG_WARN_OBJC_LITERAL_CONVERSION = YES;
				CLANG_WARN_OBJC_ROOT_CLASS = YES_ERROR;
				CLANG_WARN_QUOTED_INCLUDE_IN_FRAMEWORK_HEADER = YES;
				CLANG_WARN_RANGE_LOOP_ANALYSIS = YES;
				CLANG_WARN_STRICT_PROTOTYPES = YES;
				CLANG_WARN_SUSPICIOUS_MOVE = YES;
				CLANG_WARN_UNGUARDED_AVAILABILITY = YES_AGGRESSIVE;
				CLANG_WARN_UNREACHABLE_CODE = YES;
				CLANG_WARN__DUPLICATE_METHOD_MATCH = YES;
				COPY_PHASE_STRIP = NO;
				DEBUG_INFORMATION_FORMAT = "dwarf-with-dsym";
				ENABLE_NS_ASSERTIONS = NO;
				ENABLE_STRICT_OBJC_MSGSEND = YES;
				ENABLE_USER_SCRIPT_SANDBOXING = YES;
				GCC_C_LANGUAGE_STANDARD = gnu17;
				GCC_NO_COMMON_BLOCKS = YES;
				GCC_WARN_64_TO_32_BIT_CONVERSION = YES;
				GCC_WARN_ABOUT_RETURN_TYPE = YES_ERROR;
				GCC_WARN_UNDECLARED_SELECTOR = YES;
				GCC_WARN_UNINITIALIZED_AUTOS = YES_AGGRESSIVE;
				GCC_WARN_UNUSED_FUNCTION = YES;
				GCC_WARN_UNUSED_VARIABLE = YES;
				IPHONEOS_DEPLOYMENT_TARGET = 12.0;
				LOCALIZATION_PREFERS_STRING_CATALOGS = YES;
				MTL_ENABLE_DEBUG_INFO = NO;
				MTL_FAST_MATH = YES;
				SDKROOT = iphoneos;
				SWIFT_COMPILATION_MODE = wholemodule;
				VALIDATE_PRODUCT = YES;
			};
			name = Release;
		};
		70DFF3892C6E105F00583C2C /* Debug */ = {
			isa = XCBuildConfiguration;
			buildSettings = {
				ASSETCATALOG_COMPILER_APPICON_NAME = AppIcon;
				ASSETCATALOG_COMPILER_GLOBAL_ACCENT_COLOR_NAME = AccentColor;
				CODE_SIGN_STYLE = Automatic;
				CURRENT_PROJECT_VERSION = 1;
				DEVELOPMENT_TEAM = 92777BC2GL;
				GENERATE_INFOPLIST_FILE = YES;
				INFOPLIST_FILE = UiViewRecorderForSpecific/Info.plist;
				INFOPLIST_KEY_UIApplicationSupportsIndirectInputEvents = YES;
				INFOPLIST_KEY_UILaunchStoryboardName = LaunchScreen;
				INFOPLIST_KEY_UIMainStoryboardFile = Main;
				INFOPLIST_KEY_UISupportedInterfaceOrientations_iPad = "UIInterfaceOrientationPortrait UIInterfaceOrientationPortraitUpsideDown UIInterfaceOrientationLandscapeLeft UIInterfaceOrientationLandscapeRight";
				INFOPLIST_KEY_UISupportedInterfaceOrientations_iPhone = "UIInterfaceOrientationPortrait UIInterfaceOrientationLandscapeLeft UIInterfaceOrientationLandscapeRight";
				IPHONEOS_DEPLOYMENT_TARGET = 12.0;
				LD_RUNPATH_SEARCH_PATHS = (
					"$(inherited)",
					"@executable_path/Frameworks",
				);
				MARKETING_VERSION = 1.0;
				PRODUCT_BUNDLE_IDENTIFIER = Waleed.UiViewRecorderForSpecific;
				PRODUCT_NAME = "$(TARGET_NAME)";
				SWIFT_EMIT_LOC_STRINGS = YES;
				SWIFT_VERSION = 5.0;
				TARGETED_DEVICE_FAMILY = "1,2";
			};
			name = Debug;
		};
		70DFF38A2C6E105F00583C2C /* Release */ = {
			isa = XCBuildConfiguration;
			buildSettings = {
				ASSETCATALOG_COMPILER_APPICON_NAME = AppIcon;
				ASSETCATALOG_COMPILER_GLOBAL_ACCENT_COLOR_NAME = AccentColor;
				CODE_SIGN_STYLE = Automatic;
				CURRENT_PROJECT_VERSION = 1;
				DEVELOPMENT_TEAM = 92777BC2GL;
				GENERATE_INFOPLIST_FILE = YES;
				INFOPLIST_FILE = UiViewRecorderForSpecific/Info.plist;
				INFOPLIST_KEY_UIApplicationSupportsIndirectInputEvents = YES;
				INFOPLIST_KEY_UILaunchStoryboardName = LaunchScreen;
				INFOPLIST_KEY_UIMainStoryboardFile = Main;
				INFOPLIST_KEY_UISupportedInterfaceOrientations_iPad = "UIInterfaceOrientationPortrait UIInterfaceOrientationPortraitUpsideDown UIInterfaceOrientationLandscapeLeft UIInterfaceOrientationLandscapeRight";
				INFOPLIST_KEY_UISupportedInterfaceOrientations_iPhone = "UIInterfaceOrientationPortrait UIInterfaceOrientationLandscapeLeft UIInterfaceOrientationLandscapeRight";
				IPHONEOS_DEPLOYMENT_TARGET = 12.0;
				LD_RUNPATH_SEARCH_PATHS = (
					"$(inherited)",
					"@executable_path/Frameworks",
				);
				MARKETING_VERSION = 1.0;
				PRODUCT_BUNDLE_IDENTIFIER = Waleed.UiViewRecorderForSpecific;
				PRODUCT_NAME = "$(TARGET_NAME)";
				SWIFT_EMIT_LOC_STRINGS = YES;
				SWIFT_VERSION = 5.0;
				TARGETED_DEVICE_FAMILY = "1,2";
			};
			name = Release;
		};
/* End XCBuildConfiguration section */

/* Begin XCConfigurationList section */
		70DFF36F2C6E105E00583C2C /* Build configuration list for PBXProject "UiViewRecorderForSpecific" */ = {
			isa = XCConfigurationList;
			buildConfigurations = (
				70DFF3862C6E105F00583C2C /* Debug */,
				70DFF3872C6E105F00583C2C /* Release */,
			);
			defaultConfigurationIsVisible = 0;
			defaultConfigurationName = Release;
		};
		70DFF3882C6E105F00583C2C /* Build configuration list for PBXNativeTarget "UiViewRecorderForSpecific" */ = {
			isa = XCConfigurationList;
			buildConfigurations = (
				70DFF3892C6E105F00583C2C /* Debug */,
				70DFF38A2C6E105F00583C2C /* Release */,
			);
			defaultConfigurationIsVisible = 0;
			defaultConfigurationName = Release;
		};
/* End XCConfigurationList section */
	};
	rootObject = 70DFF36C2C6E105E00583C2C /* Project object */;
}
